
Microsoft Visual Studio Solution File, Format Version 12.00
# Visual Studio Version 17
VisualStudioVersion = 17.2.32602.215
MinimumVisualStudioVersion = 10.0.40219.1
Project("{FAE04EC0-301F-11D3-BF4B-00C04F79EFBC}") = "IKM_TCPwithJson", "IKM_TCPwithJson\IKM_TCPwithJson.csproj", "{06B6843B-2743-45EC-85D7-E2CBAA271322}"
EndProject
Global
	GlobalSection(SolutionConfigurationPlatforms) = preSolution
		Debug|Any CPU = Debug|Any CPU
		Release|Any CPU = Release|Any CPU
	EndGlobalSection
	GlobalSection(ProjectConfigurationPlatforms) = postSolution
		{06B6843B-2743-45EC-85D7-E2CBAA271322}.Debug|Any CPU.ActiveCfg = Debug|Any CPU
		{06B6843B-2743-45EC-85D7-E2CBAA271322}.Debug|Any CPU.Build.0 = Debug|Any CPU
		{06B6843B-2743-45EC-85D7-E2CBAA271322}.Release|Any CPU.ActiveCfg = Release|Any CPU
		{06B6843B-2743-45EC-85D7-E2CBAA271322}.Release|Any CPU.Build.0 = Release|Any CPU
	EndGlobalSection
	GlobalSection(SolutionProperties) = preSolution
		HideSolutionNode = FALSE
	EndGlobalSection
	GlobalSection(ExtensibilityGlobals) = postSolution
		SolutionGuid = {170EA6B8-153B-41EB-952C-0B2729C303DF}
	EndGlobalSection
EndGlobal
